// !$*UTF8*$!
{
	archiveVersion = 1;
	classes = {
	};
	objectVersion = 56;
	objects = {

/* Begin PBXBuildFile section */
		D857D34D2B3A6135002FA843 /* SeSACWebSocketApp.swift in Sources */ = {isa = PBXBuildFile; fileRef = D857D34C2B3A6135002FA843 /* SeSACWebSocketApp.swift */; };
		D857D34F2B3A6135002FA843 /* ContentView.swift in Sources */ = {isa = PBXBuildFile; fileRef = D857D34E2B3A6135002FA843 /* ContentView.swift */; };
		D857D3512B3A6137002FA843 /* Assets.xcassets in Resources */ = {isa = PBXBuildFile; fileRef = D857D3502B3A6137002FA843 /* Assets.xcassets */; };
		D857D3542B3A6137002FA843 /* Preview Assets.xcassets in Resources */ = {isa = PBXBuildFile; fileRef = D857D3532B3A6137002FA843 /* Preview Assets.xcassets */; };
		D857D35E2B3A6137002FA843 /* SeSACWebSocketTests.swift in Sources */ = {isa = PBXBuildFile; fileRef = D857D35D2B3A6137002FA843 /* SeSACWebSocketTests.swift */; };
		D857D3682B3A6137002FA843 /* SeSACWebSocketUITests.swift in Sources */ = {isa = PBXBuildFile; fileRef = D857D3672B3A6137002FA843 /* SeSACWebSocketUITests.swift */; };
		D857D36A2B3A6137002FA843 /* SeSACWebSocketUITestsLaunchTests.swift in Sources */ = {isa = PBXBuildFile; fileRef = D857D3692B3A6137002FA843 /* SeSACWebSocketUITestsLaunchTests.swift */; };
		D857D3772B3A628A002FA843 /* WebSocketManager.swift in Sources */ = {isa = PBXBuildFile; fileRef = D857D3762B3A628A002FA843 /* WebSocketManager.swift */; };
		D857D3792B3A6AFE002FA843 /* SocketViewModel.swift in Sources */ = {isa = PBXBuildFile; fileRef = D857D3782B3A6AFE002FA843 /* SocketViewModel.swift */; };
		D857D37B2B3A6BEB002FA843 /* SocketView.swift in Sources */ = {isa = PBXBuildFile; fileRef = D857D37A2B3A6BEB002FA843 /* SocketView.swift */; };
		D857D37D2B3A7D02002FA843 /* Model.swift in Sources */ = {isa = PBXBuildFile; fileRef = D857D37C2B3A7D02002FA843 /* Model.swift */; };
/* End PBXBuildFile section */

/* Begin PBXContainerItemProxy section */
		D857D35A2B3A6137002FA843 /* PBXContainerItemProxy */ = {
			isa = PBXContainerItemProxy;
			containerPortal = D857D3412B3A6135002FA843 /* Project object */;
			proxyType = 1;
			remoteGlobalIDString = D857D3482B3A6135002FA843;
			remoteInfo = SeSACWebSocket;
		};
		D857D3642B3A6137002FA843 /* PBXContainerItemProxy */ = {
			isa = PBXContainerItemProxy;
			containerPortal = D857D3412B3A6135002FA843 /* Project object */;
			proxyType = 1;
			remoteGlobalIDString = D857D3482B3A6135002FA843;
			remoteInfo = SeSACWebSocket;
		};
/* End PBXContainerItemProxy section */

/* Begin PBXFileReference section */
		D857D3492B3A6135002FA843 /* SeSACWebSocket.app */ = {isa = PBXFileReference; explicitFileType = wrapper.application; includeInIndex = 0; path = SeSACWebSocket.app; sourceTree = BUILT_PRODUCTS_DIR; };
		D857D34C2B3A6135002FA843 /* SeSACWebSocketApp.swift */ = {isa = PBXFileReference; lastKnownFileType = sourcecode.swift; path = SeSACWebSocketApp.swift; sourceTree = "<group>"; };
		D857D34E2B3A6135002FA843 /* ContentView.swift */ = {isa = PBXFileReference; lastKnownFileType = sourcecode.swift; path = ContentView.swift; sourceTree = "<group>"; };
		D857D3502B3A6137002FA843 /* Assets.xcassets */ = {isa = PBXFileReference; lastKnownFileType = folder.assetcatalog; path = Assets.xcassets; sourceTree = "<group>"; };
		D857D3532B3A6137002FA843 /* Preview Assets.xcassets */ = {isa = PBXFileReference; lastKnownFileType = folder.assetcatalog; path = "Preview Assets.xcassets"; sourceTree = "<group>"; };
		D857D3592B3A6137002FA843 /* SeSACWebSocketTests.xctest */ = {isa = PBXFileReference; explicitFileType = wrapper.cfbundle; includeInIndex = 0; path = SeSACWebSocketTests.xctest; sourceTree = BUILT_PRODUCTS_DIR; };
		D857D35D2B3A6137002FA843 /* SeSACWebSocketTests.swift */ = {isa = PBXFileReference; lastKnownFileType = sourcecode.swift; path = SeSACWebSocketTests.swift; sourceTree = "<group>"; };
		D857D3632B3A6137002FA843 /* SeSACWebSocketUITests.xctest */ = {isa = PBXFileReference; explicitFileType = wrapper.cfbundle; includeInIndex = 0; path = SeSACWebSocketUITests.xctest; sourceTree = BUILT_PRODUCTS_DIR; };
		D857D3672B3A6137002FA843 /* SeSACWebSocketUITests.swift */ = {isa = PBXFileReference; lastKnownFileType = sourcecode.swift; path = SeSACWebSocketUITests.swift; sourceTree = "<group>"; };
		D857D3692B3A6137002FA843 /* SeSACWebSocketUITestsLaunchTests.swift */ = {isa = PBXFileReference; lastKnownFileType = sourcecode.swift; path = SeSACWebSocketUITestsLaunchTests.swift; sourceTree = "<group>"; };
		D857D3762B3A628A002FA843 /* WebSocketManager.swift */ = {isa = PBXFileReference; lastKnownFileType = sourcecode.swift; path = WebSocketManager.swift; sourceTree = "<group>"; };
		D857D3782B3A6AFE002FA843 /* SocketViewModel.swift */ = {isa = PBXFileReference; lastKnownFileType = sourcecode.swift; path = SocketViewModel.swift; sourceTree = "<group>"; };
		D857D37A2B3A6BEB002FA843 /* SocketView.swift */ = {isa = PBXFileReference; lastKnownFileType = sourcecode.swift; path = SocketView.swift; sourceTree = "<group>"; };
		D857D37C2B3A7D02002FA843 /* Model.swift */ = {isa = PBXFileReference; lastKnownFileType = sourcecode.swift; path = Model.swift; sourceTree = "<group>"; };
/* End PBXFileReference section */

/* Begin PBXFrameworksBuildPhase section */
		D857D3462B3A6135002FA843 /* Frameworks */ = {
			isa = PBXFrameworksBuildPhase;
			buildActionMask = 2147483647;
			files = (
			);
			runOnlyForDeploymentPostprocessing = 0;
		};
		D857D3562B3A6137002FA843 /* Frameworks */ = {
			isa = PBXFrameworksBuildPhase;
			buildActionMask = 2147483647;
			files = (
			);
			runOnlyForDeploymentPostprocessing = 0;
		};
		D857D3602B3A6137002FA843 /* Frameworks */ = {
			isa = PBXFrameworksBuildPhase;
			buildActionMask = 2147483647;
			files = (
			);
			runOnlyForDeploymentPostprocessing = 0;
		};
/* End PBXFrameworksBuildPhase section */

/* Begin PBXGroup section */
		D857D3402B3A6135002FA843 = {
			isa = PBXGroup;
			children = (
				D857D34B2B3A6135002FA843 /* SeSACWebSocket */,
				D857D35C2B3A6137002FA843 /* SeSACWebSocketTests */,
				D857D3662B3A6137002FA843 /* SeSACWebSocketUITests */,
				D857D34A2B3A6135002FA843 /* Products */,
			);
			sourceTree = "<group>";
		};
		D857D34A2B3A6135002FA843 /* Products */ = {
			isa = PBXGroup;
			children = (
				D857D3492B3A6135002FA843 /* SeSACWebSocket.app */,
				D857D3592B3A6137002FA843 /* SeSACWebSocketTests.xctest */,
				D857D3632B3A6137002FA843 /* SeSACWebSocketUITests.xctest */,
			);
			name = Products;
			sourceTree = "<group>";
		};
		D857D34B2B3A6135002FA843 /* SeSACWebSocket */ = {
			isa = PBXGroup;
			children = (
				D857D34C2B3A6135002FA843 /* SeSACWebSocketApp.swift */,
				D857D34E2B3A6135002FA843 /* ContentView.swift */,
				D857D3502B3A6137002FA843 /* Assets.xcassets */,
				D857D3522B3A6137002FA843 /* Preview Content */,
				D857D3762B3A628A002FA843 /* WebSocketManager.swift */,
				D857D3782B3A6AFE002FA843 /* SocketViewModel.swift */,
				D857D37A2B3A6BEB002FA843 /* SocketView.swift */,
				D857D37C2B3A7D02002FA843 /* Model.swift */,
			);
			path = SeSACWebSocket;
			sourceTree = "<group>";
		};
		D857D3522B3A6137002FA843 /* Preview Content */ = {
			isa = PBXGroup;
			children = (
				D857D3532B3A6137002FA843 /* Preview Assets.xcassets */,
			);
			path = "Preview Content";
			sourceTree = "<group>";
		};
		D857D35C2B3A6137002FA843 /* SeSACWebSocketTests */ = {
			isa = PBXGroup;
			children = (
				D857D35D2B3A6137002FA843 /* SeSACWebSocketTests.swift */,
			);
			path = SeSACWebSocketTests;
			sourceTree = "<group>";
		};
		D857D3662B3A6137002FA843 /* SeSACWebSocketUITests */ = {
			isa = PBXGroup;
			children = (
				D857D3672B3A6137002FA843 /* SeSACWebSocketUITests.swift */,
				D857D3692B3A6137002FA843 /* SeSACWebSocketUITestsLaunchTests.swift */,
			);
			path = SeSACWebSocketUITests;
			sourceTree = "<group>";
		};
/* End PBXGroup section */

/* Begin PBXNativeTarget section */
		D857D3482B3A6135002FA843 /* SeSACWebSocket */ = {
			isa = PBXNativeTarget;
			buildConfigurationList = D857D36D2B3A6137002FA843 /* Build configuration list for PBXNativeTarget "SeSACWebSocket" */;
			buildPhases = (
				D857D3452B3A6135002FA843 /* Sources */,
				D857D3462B3A6135002FA843 /* Frameworks */,
				D857D3472B3A6135002FA843 /* Resources */,
			);
			buildRules = (
			);
			dependencies = (
			);
			name = SeSACWebSocket;
			productName = SeSACWebSocket;
			productReference = D857D3492B3A6135002FA843 /* SeSACWebSocket.app */;
			productType = "com.apple.product-type.application";
		};
		D857D3582B3A6137002FA843 /* SeSACWebSocketTests */ = {
			isa = PBXNativeTarget;
			buildConfigurationList = D857D3702B3A6137002FA843 /* Build configuration list for PBXNativeTarget "SeSACWebSocketTests" */;
			buildPhases = (
				D857D3552B3A6137002FA843 /* Sources */,
				D857D3562B3A6137002FA843 /* Frameworks */,
				D857D3572B3A6137002FA843 /* Resources */,
			);
			buildRules = (
			);
			dependencies = (
				D857D35B2B3A6137002FA843 /* PBXTargetDependency */,
			);
			name = SeSACWebSocketTests;
			productName = SeSACWebSocketTests;
			productReference = D857D3592B3A6137002FA843 /* SeSACWebSocketTests.xctest */;
			productType = "com.apple.product-type.bundle.unit-test";
		};
		D857D3622B3A6137002FA843 /* SeSACWebSocketUITests */ = {
			isa = PBXNativeTarget;
			buildConfigurationList = D857D3732B3A6137002FA843 /* Build configuration list for PBXNativeTarget "SeSACWebSocketUITests" */;
			buildPhases = (
				D857D35F2B3A6137002FA843 /* Sources */,
				D857D3602B3A6137002FA843 /* Frameworks */,
				D857D3612B3A6137002FA843 /* Resources */,
			);
			buildRules = (
			);
			dependencies = (
				D857D3652B3A6137002FA843 /* PBXTargetDependency */,
			);
			name = SeSACWebSocketUITests;
			productName = SeSACWebSocketUITests;
			productReference = D857D3632B3A6137002FA843 /* SeSACWebSocketUITests.xctest */;
			productType = "com.apple.product-type.bundle.ui-testing";
		};
/* End PBXNativeTarget section */

/* Begin PBXProject section */
		D857D3412B3A6135002FA843 /* Project object */ = {
			isa = PBXProject;
			attributes = {
				BuildIndependentTargetsInParallel = 1;
				LastSwiftUpdateCheck = 1510;
				LastUpgradeCheck = 1510;
				TargetAttributes = {
					D857D3482B3A6135002FA843 = {
						CreatedOnToolsVersion = 15.1;
					};
					D857D3582B3A6137002FA843 = {
						CreatedOnToolsVersion = 15.1;
						TestTargetID = D857D3482B3A6135002FA843;
					};
					D857D3622B3A6137002FA843 = {
						CreatedOnToolsVersion = 15.1;
						TestTargetID = D857D3482B3A6135002FA843;
					};
				};
			};
			buildConfigurationList = D857D3442B3A6135002FA843 /* Build configuration list for PBXProject "SeSACWebSocket" */;
			compatibilityVersion = "Xcode 14.0";
			developmentRegion = en;
			hasScannedForEncodings = 0;
			knownRegions = (
				en,
				Base,
			);
			mainGroup = D857D3402B3A6135002FA843;
			productRefGroup = D857D34A2B3A6135002FA843 /* Products */;
			projectDirPath = "";
			projectRoot = "";
			targets = (
				D857D3482B3A6135002FA843 /* SeSACWebSocket */,
				D857D3582B3A6137002FA843 /* SeSACWebSocketTests */,
				D857D3622B3A6137002FA843 /* SeSACWebSocketUITests */,
			);
		};
/* End PBXProject section */

/* Begin PBXResourcesBuildPhase section */
		D857D3472B3A6135002FA843 /* Resources */ = {
			isa = PBXResourcesBuildPhase;
			buildActionMask = 2147483647;
			files = (
				D857D3542B3A6137002FA843 /* Preview Assets.xcassets in Resources */,
				D857D3512B3A6137002FA843 /* Assets.xcassets in Resources */,
			);
			runOnlyForDeploymentPostprocessing = 0;
		};
		D857D3572B3A6137002FA843 /* Resources */ = {
			isa = PBXResourcesBuildPhase;
			buildActionMask = 2147483647;
			files = (
			);
			runOnlyForDeploymentPostprocessing = 0;
		};
		D857D3612B3A6137002FA843 /* Resources */ = {
			isa = PBXResourcesBuildPhase;
			buildActionMask = 2147483647;
			files = (
			);
			runOnlyForDeploymentPostprocessing = 0;
		};
/* End PBXResourcesBuildPhase section */

/* Begin PBXSourcesBuildPhase section */
		D857D3452B3A6135002FA843 /* Sources */ = {
			isa = PBXSourcesBuildPhase;
			buildActionMask = 2147483647;
			files = (
				D857D34F2B3A6135002FA843 /* ContentView.swift in Sources */,
				D857D37B2B3A6BEB002FA843 /* SocketView.swift in Sources */,
				D857D3792B3A6AFE002FA843 /* SocketViewModel.swift in Sources */,
				D857D37D2B3A7D02002FA843 /* Model.swift in Sources */,
				D857D34D2B3A6135002FA843 /* SeSACWebSocketApp.swift in Sources */,
				D857D3772B3A628A002FA843 /* WebSocketManager.swift in Sources */,
			);
			runOnlyForDeploymentPostprocessing = 0;
		};
		D857D3552B3A6137002FA843 /* Sources */ = {
			isa = PBXSourcesBuildPhase;
			buildActionMask = 2147483647;
			files = (
				D857D35E2B3A6137002FA843 /* SeSACWebSocketTests.swift in Sources */,
			);
			runOnlyForDeploymentPostprocessing = 0;
		};
		D857D35F2B3A6137002FA843 /* Sources */ = {
			isa = PBXSourcesBuildPhase;
			buildActionMask = 2147483647;
			files = (
				D857D36A2B3A6137002FA843 /* SeSACWebSocketUITestsLaunchTests.swift in Sources */,
				D857D3682B3A6137002FA843 /* SeSACWebSocketUITests.swift in Sources */,
			);
			runOnlyForDeploymentPostprocessing = 0;
		};
/* End PBXSourcesBuildPhase section */

/* Begin PBXTargetDependency section */
		D857D35B2B3A6137002FA843 /* PBXTargetDependency */ = {
			isa = PBXTargetDependency;
			target = D857D3482B3A6135002FA843 /* SeSACWebSocket */;
			targetProxy = D857D35A2B3A6137002FA843 /* PBXContainerItemProxy */;
		};
		D857D3652B3A6137002FA843 /* PBXTargetDependency */ = {
			isa = PBXTargetDependency;
			target = D857D3482B3A6135002FA843 /* SeSACWebSocket */;
			targetProxy = D857D3642B3A6137002FA843 /* PBXContainerItemProxy */;
		};
/* End PBXTargetDependency section */

/* Begin XCBuildConfiguration section */
		D857D36B2B3A6137002FA843 /* Debug */ = {
			isa = XCBuildConfiguration;
			buildSettings = {
				ALWAYS_SEARCH_USER_PATHS = NO;
				ASSETCATALOG_COMPILER_GENERATE_SWIFT_ASSET_SYMBOL_EXTENSIONS = YES;
				CLANG_ANALYZER_NONNULL = YES;
				CLANG_ANALYZER_NUMBER_OBJECT_CONVERSION = YES_AGGRESSIVE;
				CLANG_CXX_LANGUAGE_STANDARD = "gnu++20";
				CLANG_ENABLE_MODULES = YES;
				CLANG_ENABLE_OBJC_ARC = YES;
				CLANG_ENABLE_OBJC_WEAK = YES;
				CLANG_WARN_BLOCK_CAPTURE_AUTORELEASING = YES;
				CLANG_WARN_BOOL_CONVERSION = YES;
				CLANG_WARN_COMMA = YES;
				CLANG_WARN_CONSTANT_CONVERSION = YES;
				CLANG_WARN_DEPRECATED_OBJC_IMPLEMENTATIONS = YES;
				CLANG_WARN_DIRECT_OBJC_ISA_USAGE = YES_ERROR;
				CLANG_WARN_DOCUMENTATION_COMMENTS = YES;
				CLANG_WARN_EMPTY_BODY = YES;
				CLANG_WARN_ENUM_CONVERSION = YES;
				CLANG_WARN_INFINITE_RECURSION = YES;
				CLANG_WARN_INT_CONVERSION = YES;
				CLANG_WARN_NON_LITERAL_NULL_CONVERSION = YES;
				CLANG_WARN_OBJC_IMPLICIT_RETAIN_SELF = YES;
				CLANG_WARN_OBJC_LITERAL_CONVERSION = YES;
				CLANG_WARN_OBJC_ROOT_CLASS = YES_ERROR;
				CLANG_WARN_QUOTED_INCLUDE_IN_FRAMEWORK_HEADER = YES;
				CLANG_WARN_RANGE_LOOP_ANALYSIS = YES;
				CLANG_WARN_STRICT_PROTOTYPES = YES;
				CLANG_WARN_SUSPICIOUS_MOVE = YES;
				CLANG_WARN_UNGUARDED_AVAILABILITY = YES_AGGRESSIVE;
				CLANG_WARN_UNREACHABLE_CODE = YES;
				CLANG_WARN__DUPLICATE_METHOD_MATCH = YES;
				COPY_PHASE_STRIP = NO;
				DEBUG_INFORMATION_FORMAT = dwarf;
				ENABLE_STRICT_OBJC_MSGSEND = YES;
				ENABLE_TESTABILITY = YES;
				ENABLE_USER_SCRIPT_SANDBOXING = YES;
				GCC_C_LANGUAGE_STANDARD = gnu17;
				GCC_DYNAMIC_NO_PIC = NO;
				GCC_NO_COMMON_BLOCKS = YES;
				GCC_OPTIMIZATION_LEVEL = 0;
				GCC_PREPROCESSOR_DEFINITIONS = (
					"DEBUG=1",
					"$(inherited)",
				);
				GCC_WARN_64_TO_32_BIT_CONVERSION = YES;
				GCC_WARN_ABOUT_RETURN_TYPE = YES_ERROR;
				GCC_WARN_UNDECLARED_SELECTOR = YES;
				GCC_WARN_UNINITIALIZED_AUTOS = YES_AGGRESSIVE;
				GCC_WARN_UNUSED_FUNCTION = YES;
				GCC_WARN_UNUSED_VARIABLE = YES;
				IPHONEOS_DEPLOYMENT_TARGET = 17.2;
				LOCALIZATION_PREFERS_STRING_CATALOGS = YES;
				MTL_ENABLE_DEBUG_INFO = INCLUDE_SOURCE;
				MTL_FAST_MATH = YES;
				ONLY_ACTIVE_ARCH = YES;
				SDKROOT = iphoneos;
				SWIFT_ACTIVE_COMPILATION_CONDITIONS = "DEBUG $(inherited)";
				SWIFT_OPTIMIZATION_LEVEL = "-Onone";
			};
			name = Debug;
		};
		D857D36C2B3A6137002FA843 /* Release */ = {
			isa = XCBuildConfiguration;
			buildSettings = {
				ALWAYS_SEARCH_USER_PATHS = NO;
				ASSETCATALOG_COMPILER_GENERATE_SWIFT_ASSET_SYMBOL_EXTENSIONS = YES;
				CLANG_ANALYZER_NONNULL = YES;
				CLANG_ANALYZER_NUMBER_OBJECT_CONVERSION = YES_AGGRESSIVE;
				CLANG_CXX_LANGUAGE_STANDARD = "gnu++20";
				CLANG_ENABLE_MODULES = YES;
				CLANG_ENABLE_OBJC_ARC = YES;
				CLANG_ENABLE_OBJC_WEAK = YES;
				CLANG_WARN_BLOCK_CAPTURE_AUTORELEASING = YES;
				CLANG_WARN_BOOL_CONVERSION = YES;
				CLANG_WARN_COMMA = YES;
				CLANG_WARN_CONSTANT_CONVERSION = YES;
				CLANG_WARN_DEPRECATED_OBJC_IMPLEMENTATIONS = YES;
				CLANG_WARN_DIRECT_OBJC_ISA_USAGE = YES_ERROR;
				CLANG_WARN_DOCUMENTATION_COMMENTS = YES;
				CLANG_WARN_EMPTY_BODY = YES;
				CLANG_WARN_ENUM_CONVERSION = YES;
				CLANG_WARN_INFINITE_RECURSION = YES;
				CLANG_WARN_INT_CONVERSION = YES;
				CLANG_WARN_NON_LITERAL_NULL_CONVERSION = YES;
				CLANG_WARN_OBJC_IMPLICIT_RETAIN_SELF = YES;
				CLANG_WARN_OBJC_LITERAL_CONVERSION = YES;
				CLANG_WARN_OBJC_ROOT_CLASS = YES_ERROR;
				CLANG_WARN_QUOTED_INCLUDE_IN_FRAMEWORK_HEADER = YES;
				CLANG_WARN_RANGE_LOOP_ANALYSIS = YES;
				CLANG_WARN_STRICT_PROTOTYPES = YES;
				CLANG_WARN_SUSPICIOUS_MOVE = YES;
				CLANG_WARN_UNGUARDED_AVAILABILITY = YES_AGGRESSIVE;
				CLANG_WARN_UNREACHABLE_CODE = YES;
				CLANG_WARN__DUPLICATE_METHOD_MATCH = YES;
				COPY_PHASE_STRIP = NO;
				DEBUG_INFORMATION_FORMAT = "dwarf-with-dsym";
				ENABLE_NS_ASSERTIONS = NO;
				ENABLE_STRICT_OBJC_MSGSEND = YES;
				ENABLE_USER_SCRIPT_SANDBOXING = YES;
				GCC_C_LANGUAGE_STANDARD = gnu17;
				GCC_NO_COMMON_BLOCKS = YES;
				GCC_WARN_64_TO_32_BIT_CONVERSION = YES;
				GCC_WARN_ABOUT_RETURN_TYPE = YES_ERROR;
				GCC_WARN_UNDECLARED_SELECTOR = YES;
				GCC_WARN_UNINITIALIZED_AUTOS = YES_AGGRESSIVE;
				GCC_WARN_UNUSED_FUNCTION = YES;
				GCC_WARN_UNUSED_VARIABLE = YES;
				IPHONEOS_DEPLOYMENT_TARGET = 17.2;
				LOCALIZATION_PREFERS_STRING_CATALOGS = YES;
				MTL_ENABLE_DEBUG_INFO = NO;
				MTL_FAST_MATH = YES;
				SDKROOT = iphoneos;
				SWIFT_COMPILATION_MODE = wholemodule;
				VALIDATE_PRODUCT = YES;
			};
			name = Release;
		};
		D857D36E2B3A6137002FA843 /* Debug */ = {
			isa = XCBuildConfiguration;
			buildSettings = {
				ASSETCATALOG_COMPILER_APPICON_NAME = AppIcon;
				ASSETCATALOG_COMPILER_GLOBAL_ACCENT_COLOR_NAME = AccentColor;
				CODE_SIGN_STYLE = Automatic;
				CURRENT_PROJECT_VERSION = 1;
				DEVELOPMENT_ASSET_PATHS = "\"SeSACWebSocket/Preview Content\"";
				DEVELOPMENT_TEAM = AM9D6522QR;
				ENABLE_PREVIEWS = YES;
				GENERATE_INFOPLIST_FILE = YES;
				INFOPLIST_KEY_UIApplicationSceneManifest_Generation = YES;
				INFOPLIST_KEY_UIApplicationSupportsIndirectInputEvents = YES;
				INFOPLIST_KEY_UILaunchScreen_Generation = YES;
				INFOPLIST_KEY_UISupportedInterfaceOrientations_iPad = "UIInterfaceOrientationPortrait UIInterfaceOrientationPortraitUpsideDown UIInterfaceOrientationLandscapeLeft UIInterfaceOrientationLandscapeRight";
				INFOPLIST_KEY_UISupportedInterfaceOrientations_iPhone = "UIInterfaceOrientationPortrait UIInterfaceOrientationLandscapeLeft UIInterfaceOrientationLandscapeRight";
				LD_RUNPATH_SEARCH_PATHS = (
					"$(inherited)",
					"@executable_path/Frameworks",
				);
				MARKETING_VERSION = 1.0;
				PRODUCT_BUNDLE_IDENTIFIER = com.Sun.SeSACWebSocket;
				PRODUCT_NAME = "$(TARGET_NAME)";
				SWIFT_EMIT_LOC_STRINGS = YES;
				SWIFT_VERSION = 5.0;
				TARGETED_DEVICE_FAMILY = "1,2";
			};
			name = Debug;
		};
		D857D36F2B3A6137002FA843 /* Release */ = {
			isa = XCBuildConfiguration;
			buildSettings = {
				ASSETCATALOG_COMPILER_APPICON_NAME = AppIcon;
				ASSETCATALOG_COMPILER_GLOBAL_ACCENT_COLOR_NAME = AccentColor;
				CODE_SIGN_STYLE = Automatic;
				CURRENT_PROJECT_VERSION = 1;
				DEVELOPMENT_ASSET_PATHS = "\"SeSACWebSocket/Preview Content\"";
				DEVELOPMENT_TEAM = AM9D6522QR;
				ENABLE_PREVIEWS = YES;
				GENERATE_INFOPLIST_FILE = YES;
				INFOPLIST_KEY_UIApplicationSceneManifest_Generation = YES;
				INFOPLIST_KEY_UIApplicationSupportsIndirectInputEvents = YES;
				INFOPLIST_KEY_UILaunchScreen_Generation = YES;
				INFOPLIST_KEY_UISupportedInterfaceOrientations_iPad = "UIInterfaceOrientationPortrait UIInterfaceOrientationPortraitUpsideDown UIInterfaceOrientationLandscapeLeft UIInterfaceOrientationLandscapeRight";
				INFOPLIST_KEY_UISupportedInterfaceOrientations_iPhone = "UIInterfaceOrientationPortrait UIInterfaceOrientationLandscapeLeft UIInterfaceOrientationLandscapeRight";
				LD_RUNPATH_SEARCH_PATHS = (
					"$(inherited)",
					"@executable_path/Frameworks",
				);
				MARKETING_VERSION = 1.0;
				PRODUCT_BUNDLE_IDENTIFIER = com.Sun.SeSACWebSocket;
				PRODUCT_NAME = "$(TARGET_NAME)";
				SWIFT_EMIT_LOC_STRINGS = YES;
				SWIFT_VERSION = 5.0;
				TARGETED_DEVICE_FAMILY = "1,2";
			};
			name = Release;
		};
		D857D3712B3A6137002FA843 /* Debug */ = {
			isa = XCBuildConfiguration;
			buildSettings = {
				ALWAYS_EMBED_SWIFT_STANDARD_LIBRARIES = YES;
				BUNDLE_LOADER = "$(TEST_HOST)";
				CODE_SIGN_STYLE = Automatic;
				CURRENT_PROJECT_VERSION = 1;
				DEVELOPMENT_TEAM = AM9D6522QR;
				GENERATE_INFOPLIST_FILE = YES;
				IPHONEOS_DEPLOYMENT_TARGET = 17.2;
				MARKETING_VERSION = 1.0;
				PRODUCT_BUNDLE_IDENTIFIER = com.Sun.SeSACWebSocketTests;
				PRODUCT_NAME = "$(TARGET_NAME)";
				SWIFT_EMIT_LOC_STRINGS = NO;
				SWIFT_VERSION = 5.0;
				TARGETED_DEVICE_FAMILY = "1,2";
				TEST_HOST = "$(BUILT_PRODUCTS_DIR)/SeSACWebSocket.app/$(BUNDLE_EXECUTABLE_FOLDER_PATH)/SeSACWebSocket";
			};
			name = Debug;
		};
		D857D3722B3A6137002FA843 /* Release */ = {
			isa = XCBuildConfiguration;
			buildSettings = {
				ALWAYS_EMBED_SWIFT_STANDARD_LIBRARIES = YES;
				BUNDLE_LOADER = "$(TEST_HOST)";
				CODE_SIGN_STYLE = Automatic;
				CURRENT_PROJECT_VERSION = 1;
				DEVELOPMENT_TEAM = AM9D6522QR;
				GENERATE_INFOPLIST_FILE = YES;
				IPHONEOS_DEPLOYMENT_TARGET = 17.2;
				MARKETING_VERSION = 1.0;
				PRODUCT_BUNDLE_IDENTIFIER = com.Sun.SeSACWebSocketTests;
				PRODUCT_NAME = "$(TARGET_NAME)";
				SWIFT_EMIT_LOC_STRINGS = NO;
				SWIFT_VERSION = 5.0;
				TARGETED_DEVICE_FAMILY = "1,2";
				TEST_HOST = "$(BUILT_PRODUCTS_DIR)/SeSACWebSocket.app/$(BUNDLE_EXECUTABLE_FOLDER_PATH)/SeSACWebSocket";
			};
			name = Release;
		};
		D857D3742B3A6137002FA843 /* Debug */ = {
			isa = XCBuildConfiguration;
			buildSettings = {
				ALWAYS_EMBED_SWIFT_STANDARD_LIBRARIES = YES;
				CODE_SIGN_STYLE = Automatic;
				CURRENT_PROJECT_VERSION = 1;
				DEVELOPMENT_TEAM = AM9D6522QR;
				GENERATE_INFOPLIST_FILE = YES;
				MARKETING_VERSION = 1.0;
				PRODUCT_BUNDLE_IDENTIFIER = com.Sun.SeSACWebSocketUITests;
				PRODUCT_NAME = "$(TARGET_NAME)";
				SWIFT_EMIT_LOC_STRINGS = NO;
				SWIFT_VERSION = 5.0;
				TARGETED_DEVICE_FAMILY = "1,2";
				TEST_TARGET_NAME = SeSACWebSocket;
			};
			name = Debug;
		};
		D857D3752B3A6137002FA843 /* Release */ = {
			isa = XCBuildConfiguration;
			buildSettings = {
				ALWAYS_EMBED_SWIFT_STANDARD_LIBRARIES = YES;
				CODE_SIGN_STYLE = Automatic;
				CURRENT_PROJECT_VERSION = 1;
				DEVELOPMENT_TEAM = AM9D6522QR;
				GENERATE_INFOPLIST_FILE = YES;
				MARKETING_VERSION = 1.0;
				PRODUCT_BUNDLE_IDENTIFIER = com.Sun.SeSACWebSocketUITests;
				PRODUCT_NAME = "$(TARGET_NAME)";
				SWIFT_EMIT_LOC_STRINGS = NO;
				SWIFT_VERSION = 5.0;
				TARGETED_DEVICE_FAMILY = "1,2";
				TEST_TARGET_NAME = SeSACWebSocket;
			};
			name = Release;
		};
/* End XCBuildConfiguration section */

/* Begin XCConfigurationList section */
		D857D3442B3A6135002FA843 /* Build configuration list for PBXProject "SeSACWebSocket" */ = {
			isa = XCConfigurationList;
			buildConfigurations = (
				D857D36B2B3A6137002FA843 /* Debug */,
				D857D36C2B3A6137002FA843 /* Release */,
			);
			defaultConfigurationIsVisible = 0;
			defaultConfigurationName = Release;
		};
		D857D36D2B3A6137002FA843 /* Build configuration list for PBXNativeTarget "SeSACWebSocket" */ = {
			isa = XCConfigurationList;
			buildConfigurations = (
				D857D36E2B3A6137002FA843 /* Debug */,
				D857D36F2B3A6137002FA843 /* Release */,
			);
			defaultConfigurationIsVisible = 0;
			defaultConfigurationName = Release;
		};
		D857D3702B3A6137002FA843 /* Build configuration list for PBXNativeTarget "SeSACWebSocketTests" */ = {
			isa = XCConfigurationList;
			buildConfigurations = (
				D857D3712B3A6137002FA843 /* Debug */,
				D857D3722B3A6137002FA843 /* Release */,
			);
			defaultConfigurationIsVisible = 0;
			defaultConfigurationName = Release;
		};
		D857D3732B3A6137002FA843 /* Build configuration list for PBXNativeTarget "SeSACWebSocketUITests" */ = {
			isa = XCConfigurationList;
			buildConfigurations = (
				D857D3742B3A6137002FA843 /* Debug */,
				D857D3752B3A6137002FA843 /* Release */,
			);
			defaultConfigurationIsVisible = 0;
			defaultConfigurationName = Release;
		};
/* End XCConfigurationList section */
	};
	rootObject = D857D3412B3A6135002FA843 /* Project object */;
}
